// !$*UTF8*$!
{
	archiveVersion = 1;
	classes = {
	};
	objectVersion = 46;
	objects = {

/* Begin PBXBuildFile section */
		372C01A41DA9D19B009C0D56 /* AppDelegate.swift in Sources */ = {isa = PBXBuildFile; fileRef = 372C01A31DA9D19B009C0D56 /* AppDelegate.swift */; };
		372C01A61DA9D19B009C0D56 /* ViewController.swift in Sources */ = {isa = PBXBuildFile; fileRef = 372C01A51DA9D19B009C0D56 /* ViewController.swift */; };
		372C01A91DA9D19B009C0D56 /* Main.storyboard in Resources */ = {isa = PBXBuildFile; fileRef = 372C01A71DA9D19B009C0D56 /* Main.storyboard */; };
		372C01AB1DA9D19B009C0D56 /* Assets.xcassets in Resources */ = {isa = PBXBuildFile; fileRef = 372C01AA1DA9D19B009C0D56 /* Assets.xcassets */; };
		372C01AE1DA9D19B009C0D56 /* LaunchScreen.storyboard in Resources */ = {isa = PBXBuildFile; fileRef = 372C01AC1DA9D19B009C0D56 /* LaunchScreen.storyboard */; };
		372C01BD1DA9D6CF009C0D56 /* Interface.storyboard in Resources */ = {isa = PBXBuildFile; fileRef = 372C01BB1DA9D6CF009C0D56 /* Interface.storyboard */; };
		372C01BF1DA9D6CF009C0D56 /* Assets.xcassets in Resources */ = {isa = PBXBuildFile; fileRef = 372C01BE1DA9D6CF009C0D56 /* Assets.xcassets */; };
		372C01C61DA9D6CF009C0D56 /* Example-watchOS Extension.appex in Embed App Extensions */ = {isa = PBXBuildFile; fileRef = 372C01C51DA9D6CF009C0D56 /* Example-watchOS Extension.appex */; settings = {ATTRIBUTES = (RemoveHeadersOnCopy, ); }; };
		372C01CB1DA9D6CF009C0D56 /* InterfaceController.swift in Sources */ = {isa = PBXBuildFile; fileRef = 372C01CA1DA9D6CF009C0D56 /* InterfaceController.swift */; };
		372C01CD1DA9D6CF009C0D56 /* ExtensionDelegate.swift in Sources */ = {isa = PBXBuildFile; fileRef = 372C01CC1DA9D6CF009C0D56 /* ExtensionDelegate.swift */; };
		372C01CF1DA9D6CF009C0D56 /* Assets.xcassets in Resources */ = {isa = PBXBuildFile; fileRef = 372C01CE1DA9D6CF009C0D56 /* Assets.xcassets */; };
		372C01E61DA9D87C009C0D56 /* AppDelegate.swift in Sources */ = {isa = PBXBuildFile; fileRef = 372C01E51DA9D87C009C0D56 /* AppDelegate.swift */; };
		372C01E81DA9D87C009C0D56 /* ViewController.swift in Sources */ = {isa = PBXBuildFile; fileRef = 372C01E71DA9D87C009C0D56 /* ViewController.swift */; };
		372C01EB1DA9D87C009C0D56 /* Main.storyboard in Resources */ = {isa = PBXBuildFile; fileRef = 372C01E91DA9D87C009C0D56 /* Main.storyboard */; };
		372C01ED1DA9D87C009C0D56 /* Assets.xcassets in Resources */ = {isa = PBXBuildFile; fileRef = 372C01EC1DA9D87C009C0D56 /* Assets.xcassets */; };
		372C01FC1DA9D91A009C0D56 /* AppDelegate.swift in Sources */ = {isa = PBXBuildFile; fileRef = 372C01FB1DA9D91A009C0D56 /* AppDelegate.swift */; };
		372C01FE1DA9D91A009C0D56 /* ViewController.swift in Sources */ = {isa = PBXBuildFile; fileRef = 372C01FD1DA9D91A009C0D56 /* ViewController.swift */; };
		372C02001DA9D91A009C0D56 /* Assets.xcassets in Resources */ = {isa = PBXBuildFile; fileRef = 372C01FF1DA9D91A009C0D56 /* Assets.xcassets */; };
		372C02031DA9D91A009C0D56 /* Main.storyboard in Resources */ = {isa = PBXBuildFile; fileRef = 372C02011DA9D91A009C0D56 /* Main.storyboard */; };
		372C02111DA9F973009C0D56 /* Just.framework in Frameworks */ = {isa = PBXBuildFile; fileRef = 372C01B51DA9D4E2009C0D56 /* Just.framework */; };
		372C02151DA9FAEC009C0D56 /* Just.framework in Frameworks */ = {isa = PBXBuildFile; fileRef = 372C02121DA9FA84009C0D56 /* Just.framework */; };
		372C02171DA9FAFC009C0D56 /* Just.framework in Frameworks */ = {isa = PBXBuildFile; fileRef = 372C02161DA9FAFC009C0D56 /* Just.framework */; };
		37370AD01DAA01FD00EA155E /* Just.framework in Frameworks */ = {isa = PBXBuildFile; fileRef = 37370ACF1DAA01FD00EA155E /* Just.framework */; };
		37370AD11DAA01FD00EA155E /* Just.framework in Embed Frameworks */ = {isa = PBXBuildFile; fileRef = 37370ACF1DAA01FD00EA155E /* Just.framework */; settings = {ATTRIBUTES = (CodeSignOnCopy, RemoveHeadersOnCopy, ); }; };
/* End PBXBuildFile section */

/* Begin PBXContainerItemProxy section */
		372C01C71DA9D6CF009C0D56 /* PBXContainerItemProxy */ = {
			isa = PBXContainerItemProxy;
			containerPortal = 372C01961DA9D13D009C0D56 /* Project object */;
			proxyType = 1;
			remoteGlobalIDString = 372C01C41DA9D6CF009C0D56;
			remoteInfo = "Example-watchOS Extension";
		};
/* End PBXContainerItemProxy section */

/* Begin PBXCopyFilesBuildPhase section */
		372C01D71DA9D6CF009C0D56 /* Embed App Extensions */ = {
			isa = PBXCopyFilesBuildPhase;
			buildActionMask = 2147483647;
			dstPath = "";
			dstSubfolderSpec = 13;
			files = (
				372C01C61DA9D6CF009C0D56 /* Example-watchOS Extension.appex in Embed App Extensions */,
			);
			name = "Embed App Extensions";
			runOnlyForDeploymentPostprocessing = 0;
		};
		37370AD21DAA01FD00EA155E /* Embed Frameworks */ = {
			isa = PBXCopyFilesBuildPhase;
			buildActionMask = 2147483647;
			dstPath = "";
			dstSubfolderSpec = 10;
			files = (
				37370AD11DAA01FD00EA155E /* Just.framework in Embed Frameworks */,
			);
			name = "Embed Frameworks";
			runOnlyForDeploymentPostprocessing = 0;
		};
/* End PBXCopyFilesBuildPhase section */

/* Begin PBXFileReference section */
		372C01A01DA9D19B009C0D56 /* Example-iOS.app */ = {isa = PBXFileReference; explicitFileType = wrapper.application; includeInIndex = 0; path = "Example-iOS.app"; sourceTree = BUILT_PRODUCTS_DIR; };
		372C01A31DA9D19B009C0D56 /* AppDelegate.swift */ = {isa = PBXFileReference; lastKnownFileType = sourcecode.swift; path = AppDelegate.swift; sourceTree = "<group>"; };
		372C01A51DA9D19B009C0D56 /* ViewController.swift */ = {isa = PBXFileReference; lastKnownFileType = sourcecode.swift; path = ViewController.swift; sourceTree = "<group>"; };
		372C01A81DA9D19B009C0D56 /* Base */ = {isa = PBXFileReference; lastKnownFileType = file.storyboard; name = Base; path = Base.lproj/Main.storyboard; sourceTree = "<group>"; };
		372C01AA1DA9D19B009C0D56 /* Assets.xcassets */ = {isa = PBXFileReference; lastKnownFileType = folder.assetcatalog; path = Assets.xcassets; sourceTree = "<group>"; };
		372C01AD1DA9D19B009C0D56 /* Base */ = {isa = PBXFileReference; lastKnownFileType = file.storyboard; name = Base; path = Base.lproj/LaunchScreen.storyboard; sourceTree = "<group>"; };
		372C01AF1DA9D19B009C0D56 /* Info.plist */ = {isa = PBXFileReference; lastKnownFileType = text.plist.xml; path = Info.plist; sourceTree = "<group>"; };
		372C01B51DA9D4E2009C0D56 /* Just.framework */ = {isa = PBXFileReference; lastKnownFileType = wrapper.framework; name = Just.framework; path = Carthage/Build/iOS/Just.framework; sourceTree = "<group>"; };
		372C01B91DA9D6CF009C0D56 /* Example-watchOS.app */ = {isa = PBXFileReference; explicitFileType = wrapper.application; includeInIndex = 0; path = "Example-watchOS.app"; sourceTree = BUILT_PRODUCTS_DIR; };
		372C01BC1DA9D6CF009C0D56 /* Base */ = {isa = PBXFileReference; lastKnownFileType = file.storyboard; name = Base; path = Base.lproj/Interface.storyboard; sourceTree = "<group>"; };
		372C01BE1DA9D6CF009C0D56 /* Assets.xcassets */ = {isa = PBXFileReference; lastKnownFileType = folder.assetcatalog; path = Assets.xcassets; sourceTree = "<group>"; };
		372C01C01DA9D6CF009C0D56 /* Info.plist */ = {isa = PBXFileReference; lastKnownFileType = text.plist.xml; path = Info.plist; sourceTree = "<group>"; };
		372C01C51DA9D6CF009C0D56 /* Example-watchOS Extension.appex */ = {isa = PBXFileReference; explicitFileType = "wrapper.app-extension"; includeInIndex = 0; path = "Example-watchOS Extension.appex"; sourceTree = BUILT_PRODUCTS_DIR; };
		372C01CA1DA9D6CF009C0D56 /* InterfaceController.swift */ = {isa = PBXFileReference; lastKnownFileType = sourcecode.swift; path = InterfaceController.swift; sourceTree = "<group>"; };
		372C01CC1DA9D6CF009C0D56 /* ExtensionDelegate.swift */ = {isa = PBXFileReference; lastKnownFileType = sourcecode.swift; path = ExtensionDelegate.swift; sourceTree = "<group>"; };
		372C01CE1DA9D6CF009C0D56 /* Assets.xcassets */ = {isa = PBXFileReference; lastKnownFileType = folder.assetcatalog; path = Assets.xcassets; sourceTree = "<group>"; };
		372C01D01DA9D6CF009C0D56 /* Info.plist */ = {isa = PBXFileReference; lastKnownFileType = text.plist.xml; path = Info.plist; sourceTree = "<group>"; };
		372C01E31DA9D87C009C0D56 /* Example-tvOS.app */ = {isa = PBXFileReference; explicitFileType = wrapper.application; includeInIndex = 0; path = "Example-tvOS.app"; sourceTree = BUILT_PRODUCTS_DIR; };
		372C01E51DA9D87C009C0D56 /* AppDelegate.swift */ = {isa = PBXFileReference; lastKnownFileType = sourcecode.swift; path = AppDelegate.swift; sourceTree = "<group>"; };
		372C01E71DA9D87C009C0D56 /* ViewController.swift */ = {isa = PBXFileReference; lastKnownFileType = sourcecode.swift; path = ViewController.swift; sourceTree = "<group>"; };
		372C01EA1DA9D87C009C0D56 /* Base */ = {isa = PBXFileReference; lastKnownFileType = file.storyboard; name = Base; path = Base.lproj/Main.storyboard; sourceTree = "<group>"; };
		372C01EC1DA9D87C009C0D56 /* Assets.xcassets */ = {isa = PBXFileReference; lastKnownFileType = folder.assetcatalog; path = Assets.xcassets; sourceTree = "<group>"; };
		372C01EE1DA9D87C009C0D56 /* Info.plist */ = {isa = PBXFileReference; lastKnownFileType = text.plist.xml; path = Info.plist; sourceTree = "<group>"; };
		372C01F91DA9D91A009C0D56 /* Example-macOS.app */ = {isa = PBXFileReference; explicitFileType = wrapper.application; includeInIndex = 0; path = "Example-macOS.app"; sourceTree = BUILT_PRODUCTS_DIR; };
		372C01FB1DA9D91A009C0D56 /* AppDelegate.swift */ = {isa = PBXFileReference; lastKnownFileType = sourcecode.swift; path = AppDelegate.swift; sourceTree = "<group>"; };
		372C01FD1DA9D91A009C0D56 /* ViewController.swift */ = {isa = PBXFileReference; lastKnownFileType = sourcecode.swift; path = ViewController.swift; sourceTree = "<group>"; };
		372C01FF1DA9D91A009C0D56 /* Assets.xcassets */ = {isa = PBXFileReference; lastKnownFileType = folder.assetcatalog; path = Assets.xcassets; sourceTree = "<group>"; };
		372C02021DA9D91A009C0D56 /* Base */ = {isa = PBXFileReference; lastKnownFileType = file.storyboard; name = Base; path = Base.lproj/Main.storyboard; sourceTree = "<group>"; };
		372C02041DA9D91A009C0D56 /* Info.plist */ = {isa = PBXFileReference; lastKnownFileType = text.plist.xml; path = Info.plist; sourceTree = "<group>"; };
		372C02121DA9FA84009C0D56 /* Just.framework */ = {isa = PBXFileReference; lastKnownFileType = wrapper.framework; name = Just.framework; path = Carthage/Build/tvOS/Just.framework; sourceTree = "<group>"; };
		372C02161DA9FAFC009C0D56 /* Just.framework */ = {isa = PBXFileReference; lastKnownFileType = wrapper.framework; name = Just.framework; path = Carthage/Build/watchOS/Just.framework; sourceTree = "<group>"; };
		37370ACF1DAA01FD00EA155E /* Just.framework */ = {isa = PBXFileReference; lastKnownFileType = wrapper.framework; name = Just.framework; path = Carthage/Build/Mac/Just.framework; sourceTree = "<group>"; };
/* End PBXFileReference section */

/* Begin PBXFrameworksBuildPhase section */
		372C019D1DA9D19B009C0D56 /* Frameworks */ = {
			isa = PBXFrameworksBuildPhase;
			buildActionMask = 2147483647;
			files = (
				372C02111DA9F973009C0D56 /* Just.framework in Frameworks */,
			);
			runOnlyForDeploymentPostprocessing = 0;
		};
		372C01C21DA9D6CF009C0D56 /* Frameworks */ = {
			isa = PBXFrameworksBuildPhase;
			buildActionMask = 2147483647;
			files = (
				372C02171DA9FAFC009C0D56 /* Just.framework in Frameworks */,
			);
			runOnlyForDeploymentPostprocessing = 0;
		};
		372C01E01DA9D87C009C0D56 /* Frameworks */ = {
			isa = PBXFrameworksBuildPhase;
			buildActionMask = 2147483647;
			files = (
				372C02151DA9FAEC009C0D56 /* Just.framework in Frameworks */,
			);
			runOnlyForDeploymentPostprocessing = 0;
		};
		372C01F61DA9D91A009C0D56 /* Frameworks */ = {
			isa = PBXFrameworksBuildPhase;
			buildActionMask = 2147483647;
			files = (
				37370AD01DAA01FD00EA155E /* Just.framework in Frameworks */,
			);
			runOnlyForDeploymentPostprocessing = 0;
		};
/* End PBXFrameworksBuildPhase section */

/* Begin PBXGroup section */
		372C01951DA9D13D009C0D56 = {
			isa = PBXGroup;
			children = (
				372C01A21DA9D19B009C0D56 /* Example-iOS */,
				372C01BA1DA9D6CF009C0D56 /* Example-watchOS */,
				372C01C91DA9D6CF009C0D56 /* Example-watchOS Extension */,
				372C01E41DA9D87C009C0D56 /* Example-tvOS */,
				372C01FA1DA9D91A009C0D56 /* Example-macOS */,
				372C01A11DA9D19B009C0D56 /* Products */,
				372C01B41DA9D4E1009C0D56 /* Frameworks */,
			);
			sourceTree = "<group>";
		};
		372C01A11DA9D19B009C0D56 /* Products */ = {
			isa = PBXGroup;
			children = (
				372C01A01DA9D19B009C0D56 /* Example-iOS.app */,
				372C01B91DA9D6CF009C0D56 /* Example-watchOS.app */,
				372C01C51DA9D6CF009C0D56 /* Example-watchOS Extension.appex */,
				372C01E31DA9D87C009C0D56 /* Example-tvOS.app */,
				372C01F91DA9D91A009C0D56 /* Example-macOS.app */,
			);
			name = Products;
			sourceTree = "<group>";
		};
		372C01A21DA9D19B009C0D56 /* Example-iOS */ = {
			isa = PBXGroup;
			children = (
				372C01A31DA9D19B009C0D56 /* AppDelegate.swift */,
				372C01A51DA9D19B009C0D56 /* ViewController.swift */,
				372C01A71DA9D19B009C0D56 /* Main.storyboard */,
				372C01AA1DA9D19B009C0D56 /* Assets.xcassets */,
				372C01AC1DA9D19B009C0D56 /* LaunchScreen.storyboard */,
				372C01AF1DA9D19B009C0D56 /* Info.plist */,
			);
			path = "Example-iOS";
			sourceTree = "<group>";
		};
		372C01B41DA9D4E1009C0D56 /* Frameworks */ = {
			isa = PBXGroup;
			children = (
				37370ACF1DAA01FD00EA155E /* Just.framework */,
				372C02161DA9FAFC009C0D56 /* Just.framework */,
				372C02121DA9FA84009C0D56 /* Just.framework */,
				372C01B51DA9D4E2009C0D56 /* Just.framework */,
			);
			name = Frameworks;
			sourceTree = "<group>";
		};
		372C01BA1DA9D6CF009C0D56 /* Example-watchOS */ = {
			isa = PBXGroup;
			children = (
				372C01BB1DA9D6CF009C0D56 /* Interface.storyboard */,
				372C01BE1DA9D6CF009C0D56 /* Assets.xcassets */,
				372C01C01DA9D6CF009C0D56 /* Info.plist */,
			);
			path = "Example-watchOS";
			sourceTree = "<group>";
		};
		372C01C91DA9D6CF009C0D56 /* Example-watchOS Extension */ = {
			isa = PBXGroup;
			children = (
				372C01CA1DA9D6CF009C0D56 /* InterfaceController.swift */,
				372C01CC1DA9D6CF009C0D56 /* ExtensionDelegate.swift */,
				372C01CE1DA9D6CF009C0D56 /* Assets.xcassets */,
				372C01D01DA9D6CF009C0D56 /* Info.plist */,
			);
			path = "Example-watchOS Extension";
			sourceTree = "<group>";
		};
		372C01E41DA9D87C009C0D56 /* Example-tvOS */ = {
			isa = PBXGroup;
			children = (
				372C01E51DA9D87C009C0D56 /* AppDelegate.swift */,
				372C01E71DA9D87C009C0D56 /* ViewController.swift */,
				372C01E91DA9D87C009C0D56 /* Main.storyboard */,
				372C01EC1DA9D87C009C0D56 /* Assets.xcassets */,
				372C01EE1DA9D87C009C0D56 /* Info.plist */,
			);
			path = "Example-tvOS";
			sourceTree = "<group>";
		};
		372C01FA1DA9D91A009C0D56 /* Example-macOS */ = {
			isa = PBXGroup;
			children = (
				372C01FB1DA9D91A009C0D56 /* AppDelegate.swift */,
				372C01FD1DA9D91A009C0D56 /* ViewController.swift */,
				372C01FF1DA9D91A009C0D56 /* Assets.xcassets */,
				372C02011DA9D91A009C0D56 /* Main.storyboard */,
				372C02041DA9D91A009C0D56 /* Info.plist */,
			);
			path = "Example-macOS";
			sourceTree = "<group>";
		};
/* End PBXGroup section */

/* Begin PBXNativeTarget section */
		372C019F1DA9D19B009C0D56 /* Example-iOS */ = {
			isa = PBXNativeTarget;
			buildConfigurationList = 372C01B21DA9D19B009C0D56 /* Build configuration list for PBXNativeTarget "Example-iOS" */;
			buildPhases = (
				372C019C1DA9D19B009C0D56 /* Sources */,
				372C019D1DA9D19B009C0D56 /* Frameworks */,
				372C019E1DA9D19B009C0D56 /* Resources */,
				372C01B31DA9D2EE009C0D56 /* Carthage */,
			);
			buildRules = (
			);
			dependencies = (
			);
			name = "Example-iOS";
			productName = "Example-iOS";
			productReference = 372C01A01DA9D19B009C0D56 /* Example-iOS.app */;
			productType = "com.apple.product-type.application";
		};
		372C01B81DA9D6CF009C0D56 /* Example-watchOS */ = {
			isa = PBXNativeTarget;
			buildConfigurationList = 372C01D81DA9D6CF009C0D56 /* Build configuration list for PBXNativeTarget "Example-watchOS" */;
			buildPhases = (
				372C01B71DA9D6CF009C0D56 /* Resources */,
				372C01D71DA9D6CF009C0D56 /* Embed App Extensions */,
			);
			buildRules = (
			);
			dependencies = (
				372C01C81DA9D6CF009C0D56 /* PBXTargetDependency */,
			);
			name = "Example-watchOS";
			productName = "Example-watchOS";
			productReference = 372C01B91DA9D6CF009C0D56 /* Example-watchOS.app */;
			productType = "com.apple.product-type.application.watchapp2";
		};
		372C01C41DA9D6CF009C0D56 /* Example-watchOS Extension */ = {
			isa = PBXNativeTarget;
			buildConfigurationList = 372C01D41DA9D6CF009C0D56 /* Build configuration list for PBXNativeTarget "Example-watchOS Extension" */;
			buildPhases = (
				372C01C11DA9D6CF009C0D56 /* Sources */,
				372C01C21DA9D6CF009C0D56 /* Frameworks */,
				372C01C31DA9D6CF009C0D56 /* Resources */,
				372C01DC1DA9D801009C0D56 /* Carthage */,
			);
			buildRules = (
			);
			dependencies = (
			);
			name = "Example-watchOS Extension";
			productName = "Example-watchOS Extension";
			productReference = 372C01C51DA9D6CF009C0D56 /* Example-watchOS Extension.appex */;
			productType = "com.apple.product-type.watchkit2-extension";
		};
		372C01E21DA9D87C009C0D56 /* Example-tvOS */ = {
			isa = PBXNativeTarget;
			buildConfigurationList = 372C01EF1DA9D87C009C0D56 /* Build configuration list for PBXNativeTarget "Example-tvOS" */;
			buildPhases = (
				372C01DF1DA9D87C009C0D56 /* Sources */,
				372C01E01DA9D87C009C0D56 /* Frameworks */,
				372C01E11DA9D87C009C0D56 /* Resources */,
				372C01F21DA9D897009C0D56 /* Carthage */,
			);
			buildRules = (
			);
			dependencies = (
			);
			name = "Example-tvOS";
			productName = "Example-tvOS";
			productReference = 372C01E31DA9D87C009C0D56 /* Example-tvOS.app */;
			productType = "com.apple.product-type.application";
		};
		372C01F81DA9D91A009C0D56 /* Example-macOS */ = {
			isa = PBXNativeTarget;
			buildConfigurationList = 372C02051DA9D91A009C0D56 /* Build configuration list for PBXNativeTarget "Example-macOS" */;
			buildPhases = (
				372C01F51DA9D91A009C0D56 /* Sources */,
				372C01F61DA9D91A009C0D56 /* Frameworks */,
				372C01F71DA9D91A009C0D56 /* Resources */,
				37370AD21DAA01FD00EA155E /* Embed Frameworks */,
			);
			buildRules = (
			);
			dependencies = (
			);
			name = "Example-macOS";
			productName = "Example-macOS";
			productReference = 372C01F91DA9D91A009C0D56 /* Example-macOS.app */;
			productType = "com.apple.product-type.application";
		};
/* End PBXNativeTarget section */

/* Begin PBXProject section */
		372C01961DA9D13D009C0D56 /* Project object */ = {
			isa = PBXProject;
			attributes = {
				LastSwiftUpdateCheck = 0800;
				LastUpgradeCheck = 0800;
				TargetAttributes = {
					372C019F1DA9D19B009C0D56 = {
						CreatedOnToolsVersion = 8.0;
						ProvisioningStyle = Automatic;
					};
					372C01B81DA9D6CF009C0D56 = {
						CreatedOnToolsVersion = 8.0;
						ProvisioningStyle = Automatic;
					};
					372C01C41DA9D6CF009C0D56 = {
						CreatedOnToolsVersion = 8.0;
						ProvisioningStyle = Automatic;
					};
					372C01E21DA9D87C009C0D56 = {
						CreatedOnToolsVersion = 8.0;
						ProvisioningStyle = Automatic;
					};
					372C01F81DA9D91A009C0D56 = {
						CreatedOnToolsVersion = 8.0;
						ProvisioningStyle = Automatic;
					};
				};
			};
			buildConfigurationList = 372C01991DA9D13D009C0D56 /* Build configuration list for PBXProject "Example" */;
			compatibilityVersion = "Xcode 3.2";
			developmentRegion = English;
			hasScannedForEncodings = 0;
			knownRegions = (
				en,
				Base,
			);
			mainGroup = 372C01951DA9D13D009C0D56;
			productRefGroup = 372C01A11DA9D19B009C0D56 /* Products */;
			projectDirPath = "";
			projectRoot = "";
			targets = (
				372C019F1DA9D19B009C0D56 /* Example-iOS */,
				372C01B81DA9D6CF009C0D56 /* Example-watchOS */,
				372C01C41DA9D6CF009C0D56 /* Example-watchOS Extension */,
				372C01E21DA9D87C009C0D56 /* Example-tvOS */,
				372C01F81DA9D91A009C0D56 /* Example-macOS */,
			);
		};
/* End PBXProject section */

/* Begin PBXResourcesBuildPhase section */
		372C019E1DA9D19B009C0D56 /* Resources */ = {
			isa = PBXResourcesBuildPhase;
			buildActionMask = 2147483647;
			files = (
				372C01AE1DA9D19B009C0D56 /* LaunchScreen.storyboard in Resources */,
				372C01AB1DA9D19B009C0D56 /* Assets.xcassets in Resources */,
				372C01A91DA9D19B009C0D56 /* Main.storyboard in Resources */,
			);
			runOnlyForDeploymentPostprocessing = 0;
		};
		372C01B71DA9D6CF009C0D56 /* Resources */ = {
			isa = PBXResourcesBuildPhase;
			buildActionMask = 2147483647;
			files = (
				372C01BF1DA9D6CF009C0D56 /* Assets.xcassets in Resources */,
				372C01BD1DA9D6CF009C0D56 /* Interface.storyboard in Resources */,
			);
			runOnlyForDeploymentPostprocessing = 0;
		};
		372C01C31DA9D6CF009C0D56 /* Resources */ = {
			isa = PBXResourcesBuildPhase;
			buildActionMask = 2147483647;
			files = (
				372C01CF1DA9D6CF009C0D56 /* Assets.xcassets in Resources */,
			);
			runOnlyForDeploymentPostprocessing = 0;
		};
		372C01E11DA9D87C009C0D56 /* Resources */ = {
			isa = PBXResourcesBuildPhase;
			buildActionMask = 2147483647;
			files = (
				372C01ED1DA9D87C009C0D56 /* Assets.xcassets in Resources */,
				372C01EB1DA9D87C009C0D56 /* Main.storyboard in Resources */,
			);
			runOnlyForDeploymentPostprocessing = 0;
		};
		372C01F71DA9D91A009C0D56 /* Resources */ = {
			isa = PBXResourcesBuildPhase;
			buildActionMask = 2147483647;
			files = (
				372C02001DA9D91A009C0D56 /* Assets.xcassets in Resources */,
				372C02031DA9D91A009C0D56 /* Main.storyboard in Resources */,
			);
			runOnlyForDeploymentPostprocessing = 0;
		};
/* End PBXResourcesBuildPhase section */

/* Begin PBXShellScriptBuildPhase section */
		372C01B31DA9D2EE009C0D56 /* Carthage */ = {
			isa = PBXShellScriptBuildPhase;
			buildActionMask = 2147483647;
			files = (
			);
			inputPaths = (
				"$(SRCROOT)/Carthage/Build/iOS/Just.framework",
			);
			name = Carthage;
			outputPaths = (
			);
			runOnlyForDeploymentPostprocessing = 0;
			shellPath = /bin/sh;
			shellScript = "/usr/local/bin/carthage copy-frameworks";
		};
		372C01DC1DA9D801009C0D56 /* Carthage */ = {
			isa = PBXShellScriptBuildPhase;
			buildActionMask = 2147483647;
			files = (
			);
			inputPaths = (
				"$(SRCROOT)/Carthage/Build/watchOS/Just.framework",
			);
			name = Carthage;
			outputPaths = (
			);
			runOnlyForDeploymentPostprocessing = 0;
			shellPath = /bin/sh;
			shellScript = "/usr/local/bin/carthage copy-frameworks";
		};
		372C01F21DA9D897009C0D56 /* Carthage */ = {
			isa = PBXShellScriptBuildPhase;
			buildActionMask = 2147483647;
			files = (
			);
			inputPaths = (
				"$(SRCROOT)/Carthage/Build/tvOS/Just.framework",
			);
			name = Carthage;
			outputPaths = (
			);
			runOnlyForDeploymentPostprocessing = 0;
			shellPath = /bin/sh;
			shellScript = "/usr/local/bin/carthage copy-frameworks";
		};
/* End PBXShellScriptBuildPhase section */

/* Begin PBXSourcesBuildPhase section */
		372C019C1DA9D19B009C0D56 /* Sources */ = {
			isa = PBXSourcesBuildPhase;
			buildActionMask = 2147483647;
			files = (
				372C01A61DA9D19B009C0D56 /* ViewController.swift in Sources */,
				372C01A41DA9D19B009C0D56 /* AppDelegate.swift in Sources */,
			);
			runOnlyForDeploymentPostprocessing = 0;
		};
		372C01C11DA9D6CF009C0D56 /* Sources */ = {
			isa = PBXSourcesBuildPhase;
			buildActionMask = 2147483647;
			files = (
				372C01CD1DA9D6CF009C0D56 /* ExtensionDelegate.swift in Sources */,
				372C01CB1DA9D6CF009C0D56 /* InterfaceController.swift in Sources */,
			);
			runOnlyForDeploymentPostprocessing = 0;
		};
		372C01DF1DA9D87C009C0D56 /* Sources */ = {
			isa = PBXSourcesBuildPhase;
			buildActionMask = 2147483647;
			files = (
				372C01E81DA9D87C009C0D56 /* ViewController.swift in Sources */,
				372C01E61DA9D87C009C0D56 /* AppDelegate.swift in Sources */,
			);
			runOnlyForDeploymentPostprocessing = 0;
		};
		372C01F51DA9D91A009C0D56 /* Sources */ = {
			isa = PBXSourcesBuildPhase;
			buildActionMask = 2147483647;
			files = (
				372C01FE1DA9D91A009C0D56 /* ViewController.swift in Sources */,
				372C01FC1DA9D91A009C0D56 /* AppDelegate.swift in Sources */,
			);
			runOnlyForDeploymentPostprocessing = 0;
		};
/* End PBXSourcesBuildPhase section */

/* Begin PBXTargetDependency section */
		372C01C81DA9D6CF009C0D56 /* PBXTargetDependency */ = {
			isa = PBXTargetDependency;
			target = 372C01C41DA9D6CF009C0D56 /* Example-watchOS Extension */;
			targetProxy = 372C01C71DA9D6CF009C0D56 /* PBXContainerItemProxy */;
		};
/* End PBXTargetDependency section */

/* Begin PBXVariantGroup section */
		372C01A71DA9D19B009C0D56 /* Main.storyboard */ = {
			isa = PBXVariantGroup;
			children = (
				372C01A81DA9D19B009C0D56 /* Base */,
			);
			name = Main.storyboard;
			sourceTree = "<group>";
		};
		372C01AC1DA9D19B009C0D56 /* LaunchScreen.storyboard */ = {
			isa = PBXVariantGroup;
			children = (
				372C01AD1DA9D19B009C0D56 /* Base */,
			);
			name = LaunchScreen.storyboard;
			sourceTree = "<group>";
		};
		372C01BB1DA9D6CF009C0D56 /* Interface.storyboard */ = {
			isa = PBXVariantGroup;
			children = (
				372C01BC1DA9D6CF009C0D56 /* Base */,
			);
			name = Interface.storyboard;
			sourceTree = "<group>";
		};
		372C01E91DA9D87C009C0D56 /* Main.storyboard */ = {
			isa = PBXVariantGroup;
			children = (
				372C01EA1DA9D87C009C0D56 /* Base */,
			);
			name = Main.storyboard;
			sourceTree = "<group>";
		};
		372C02011DA9D91A009C0D56 /* Main.storyboard */ = {
			isa = PBXVariantGroup;
			children = (
				372C02021DA9D91A009C0D56 /* Base */,
			);
			name = Main.storyboard;
			sourceTree = "<group>";
		};
/* End PBXVariantGroup section */

/* Begin XCBuildConfiguration section */
		372C019A1DA9D13D009C0D56 /* Debug */ = {
			isa = XCBuildConfiguration;
			buildSettings = {
			};
			name = Debug;
		};
		372C019B1DA9D13D009C0D56 /* Release */ = {
			isa = XCBuildConfiguration;
			buildSettings = {
			};
			name = Release;
		};
		372C01B01DA9D19B009C0D56 /* Debug */ = {
			isa = XCBuildConfiguration;
			buildSettings = {
				ALWAYS_SEARCH_USER_PATHS = NO;
				ASSETCATALOG_COMPILER_APPICON_NAME = AppIcon;
				CLANG_ANALYZER_NONNULL = YES;
				CLANG_CXX_LANGUAGE_STANDARD = "gnu++0x";
				CLANG_CXX_LIBRARY = "libc++";
				CLANG_ENABLE_MODULES = YES;
				CLANG_ENABLE_OBJC_ARC = YES;
				CLANG_WARN_BOOL_CONVERSION = YES;
				CLANG_WARN_CONSTANT_CONVERSION = YES;
				CLANG_WARN_DIRECT_OBJC_ISA_USAGE = YES_ERROR;
				CLANG_WARN_DOCUMENTATION_COMMENTS = YES;
				CLANG_WARN_EMPTY_BODY = YES;
				CLANG_WARN_ENUM_CONVERSION = YES;
				CLANG_WARN_INFINITE_RECURSION = YES;
				CLANG_WARN_INT_CONVERSION = YES;
				CLANG_WARN_OBJC_ROOT_CLASS = YES_ERROR;
				CLANG_WARN_SUSPICIOUS_MOVES = YES;
				CLANG_WARN_UNREACHABLE_CODE = YES;
				CLANG_WARN__DUPLICATE_METHOD_MATCH = YES;
				"CODE_SIGN_IDENTITY[sdk=iphoneos*]" = "iPhone Developer";
				COPY_PHASE_STRIP = NO;
				DEBUG_INFORMATION_FORMAT = dwarf;
				ENABLE_STRICT_OBJC_MSGSEND = YES;
				ENABLE_TESTABILITY = YES;
				FRAMEWORK_SEARCH_PATHS = (
					"$(inherited)",
					"$(PROJECT_DIR)/Carthage/Build/iOS",
				);
				GCC_C_LANGUAGE_STANDARD = gnu99;
				GCC_DYNAMIC_NO_PIC = NO;
				GCC_NO_COMMON_BLOCKS = YES;
				GCC_OPTIMIZATION_LEVEL = 0;
				GCC_PREPROCESSOR_DEFINITIONS = (
					"DEBUG=1",
					"$(inherited)",
				);
				GCC_WARN_64_TO_32_BIT_CONVERSION = YES;
				GCC_WARN_ABOUT_RETURN_TYPE = YES_ERROR;
				GCC_WARN_UNDECLARED_SELECTOR = YES;
				GCC_WARN_UNINITIALIZED_AUTOS = YES_AGGRESSIVE;
				GCC_WARN_UNUSED_FUNCTION = YES;
				GCC_WARN_UNUSED_VARIABLE = YES;
				INFOPLIST_FILE = "Example-iOS/Info.plist";
				IPHONEOS_DEPLOYMENT_TARGET = 10.0;
				LD_RUNPATH_SEARCH_PATHS = "$(inherited) @executable_path/Frameworks";
				MTL_ENABLE_DEBUG_INFO = YES;
				ONLY_ACTIVE_ARCH = YES;
				PRODUCT_BUNDLE_IDENTIFIER = "net.JustHTTP.Example-iOS";
				PRODUCT_NAME = "$(TARGET_NAME)";
				SDKROOT = iphoneos;
				SWIFT_ACTIVE_COMPILATION_CONDITIONS = DEBUG;
				SWIFT_OPTIMIZATION_LEVEL = "-Onone";
				SWIFT_VERSION = 3.0;
				TARGETED_DEVICE_FAMILY = "1,2";
			};
			name = Debug;
		};
		372C01B11DA9D19B009C0D56 /* Release */ = {
			isa = XCBuildConfiguration;
			buildSettings = {
				ALWAYS_SEARCH_USER_PATHS = NO;
				ASSETCATALOG_COMPILER_APPICON_NAME = AppIcon;
				CLANG_ANALYZER_NONNULL = YES;
				CLANG_CXX_LANGUAGE_STANDARD = "gnu++0x";
				CLANG_CXX_LIBRARY = "libc++";
				CLANG_ENABLE_MODULES = YES;
				CLANG_ENABLE_OBJC_ARC = YES;
				CLANG_WARN_BOOL_CONVERSION = YES;
				CLANG_WARN_CONSTANT_CONVERSION = YES;
				CLANG_WARN_DIRECT_OBJC_ISA_USAGE = YES_ERROR;
				CLANG_WARN_DOCUMENTATION_COMMENTS = YES;
				CLANG_WARN_EMPTY_BODY = YES;
				CLANG_WARN_ENUM_CONVERSION = YES;
				CLANG_WARN_INFINITE_RECURSION = YES;
				CLANG_WARN_INT_CONVERSION = YES;
				CLANG_WARN_OBJC_ROOT_CLASS = YES_ERROR;
				CLANG_WARN_SUSPICIOUS_MOVES = YES;
				CLANG_WARN_UNREACHABLE_CODE = YES;
				CLANG_WARN__DUPLICATE_METHOD_MATCH = YES;
				"CODE_SIGN_IDENTITY[sdk=iphoneos*]" = "iPhone Developer";
				COPY_PHASE_STRIP = NO;
				DEBUG_INFORMATION_FORMAT = "dwarf-with-dsym";
				ENABLE_NS_ASSERTIONS = NO;
				ENABLE_STRICT_OBJC_MSGSEND = YES;
				FRAMEWORK_SEARCH_PATHS = (
					"$(inherited)",
					"$(PROJECT_DIR)/Carthage/Build/iOS",
				);
				GCC_C_LANGUAGE_STANDARD = gnu99;
				GCC_NO_COMMON_BLOCKS = YES;
				GCC_WARN_64_TO_32_BIT_CONVERSION = YES;
				GCC_WARN_ABOUT_RETURN_TYPE = YES_ERROR;
				GCC_WARN_UNDECLARED_SELECTOR = YES;
				GCC_WARN_UNINITIALIZED_AUTOS = YES_AGGRESSIVE;
				GCC_WARN_UNUSED_FUNCTION = YES;
				GCC_WARN_UNUSED_VARIABLE = YES;
				INFOPLIST_FILE = "Example-iOS/Info.plist";
				IPHONEOS_DEPLOYMENT_TARGET = 10.0;
				LD_RUNPATH_SEARCH_PATHS = "$(inherited) @executable_path/Frameworks";
				MTL_ENABLE_DEBUG_INFO = NO;
				PRODUCT_BUNDLE_IDENTIFIER = "net.JustHTTP.Example-iOS";
				PRODUCT_NAME = "$(TARGET_NAME)";
				SDKROOT = iphoneos;
				SWIFT_OPTIMIZATION_LEVEL = "-Owholemodule";
				SWIFT_VERSION = 3.0;
				TARGETED_DEVICE_FAMILY = "1,2";
				VALIDATE_PRODUCT = YES;
			};
			name = Release;
		};
		372C01D51DA9D6CF009C0D56 /* Debug */ = {
			isa = XCBuildConfiguration;
			buildSettings = {
				ALWAYS_SEARCH_USER_PATHS = NO;
				ASSETCATALOG_COMPILER_COMPLICATION_NAME = Complication;
				CLANG_ANALYZER_NONNULL = YES;
				CLANG_CXX_LANGUAGE_STANDARD = "gnu++0x";
				CLANG_CXX_LIBRARY = "libc++";
				CLANG_ENABLE_MODULES = YES;
				CLANG_ENABLE_OBJC_ARC = YES;
				CLANG_WARN_BOOL_CONVERSION = YES;
				CLANG_WARN_CONSTANT_CONVERSION = YES;
				CLANG_WARN_DIRECT_OBJC_ISA_USAGE = YES_ERROR;
				CLANG_WARN_DOCUMENTATION_COMMENTS = YES;
				CLANG_WARN_EMPTY_BODY = YES;
				CLANG_WARN_ENUM_CONVERSION = YES;
				CLANG_WARN_INFINITE_RECURSION = YES;
				CLANG_WARN_INT_CONVERSION = YES;
				CLANG_WARN_OBJC_ROOT_CLASS = YES_ERROR;
				CLANG_WARN_SUSPICIOUS_MOVES = YES;
				CLANG_WARN_UNREACHABLE_CODE = YES;
				CLANG_WARN__DUPLICATE_METHOD_MATCH = YES;
				COPY_PHASE_STRIP = NO;
				DEBUG_INFORMATION_FORMAT = dwarf;
				ENABLE_STRICT_OBJC_MSGSEND = YES;
				ENABLE_TESTABILITY = YES;
				FRAMEWORK_SEARCH_PATHS = (
					"$(inherited)",
					"$(PROJECT_DIR)/Carthage/Build/watchOS",
				);
				GCC_C_LANGUAGE_STANDARD = gnu99;
				GCC_DYNAMIC_NO_PIC = NO;
				GCC_NO_COMMON_BLOCKS = YES;
				GCC_OPTIMIZATION_LEVEL = 0;
				GCC_PREPROCESSOR_DEFINITIONS = (
					"DEBUG=1",
					"$(inherited)",
				);
				GCC_WARN_64_TO_32_BIT_CONVERSION = YES;
				GCC_WARN_ABOUT_RETURN_TYPE = YES_ERROR;
				GCC_WARN_UNDECLARED_SELECTOR = YES;
				GCC_WARN_UNINITIALIZED_AUTOS = YES_AGGRESSIVE;
				GCC_WARN_UNUSED_FUNCTION = YES;
				GCC_WARN_UNUSED_VARIABLE = YES;
				INFOPLIST_FILE = "Example-watchOS Extension/Info.plist";
				LD_RUNPATH_SEARCH_PATHS = "$(inherited) @executable_path/Frameworks @executable_path/../../Frameworks";
				MTL_ENABLE_DEBUG_INFO = YES;
				ONLY_ACTIVE_ARCH = YES;
				PRODUCT_BUNDLE_IDENTIFIER = "net.JustHTTP.Example-iOS.watchkitapp.watchkitextension";
				PRODUCT_NAME = "${TARGET_NAME}";
				SDKROOT = watchos;
				SKIP_INSTALL = YES;
				SWIFT_ACTIVE_COMPILATION_CONDITIONS = DEBUG;
				SWIFT_OPTIMIZATION_LEVEL = "-Onone";
				SWIFT_VERSION = 3.0;
				TARGETED_DEVICE_FAMILY = 4;
				WATCHOS_DEPLOYMENT_TARGET = 3.0;
			};
			name = Debug;
		};
		372C01D61DA9D6CF009C0D56 /* Release */ = {
			isa = XCBuildConfiguration;
			buildSettings = {
				ALWAYS_SEARCH_USER_PATHS = NO;
				ASSETCATALOG_COMPILER_COMPLICATION_NAME = Complication;
				CLANG_ANALYZER_NONNULL = YES;
				CLANG_CXX_LANGUAGE_STANDARD = "gnu++0x";
				CLANG_CXX_LIBRARY = "libc++";
				CLANG_ENABLE_MODULES = YES;
				CLANG_ENABLE_OBJC_ARC = YES;
				CLANG_WARN_BOOL_CONVERSION = YES;
				CLANG_WARN_CONSTANT_CONVERSION = YES;
				CLANG_WARN_DIRECT_OBJC_ISA_USAGE = YES_ERROR;
				CLANG_WARN_DOCUMENTATION_COMMENTS = YES;
				CLANG_WARN_EMPTY_BODY = YES;
				CLANG_WARN_ENUM_CONVERSION = YES;
				CLANG_WARN_INFINITE_RECURSION = YES;
				CLANG_WARN_INT_CONVERSION = YES;
				CLANG_WARN_OBJC_ROOT_CLASS = YES_ERROR;
				CLANG_WARN_SUSPICIOUS_MOVES = YES;
				CLANG_WARN_UNREACHABLE_CODE = YES;
				CLANG_WARN__DUPLICATE_METHOD_MATCH = YES;
				COPY_PHASE_STRIP = NO;
				DEBUG_INFORMATION_FORMAT = "dwarf-with-dsym";
				ENABLE_NS_ASSERTIONS = NO;
				ENABLE_STRICT_OBJC_MSGSEND = YES;
				FRAMEWORK_SEARCH_PATHS = (
					"$(inherited)",
					"$(PROJECT_DIR)/Carthage/Build/watchOS",
				);
				GCC_C_LANGUAGE_STANDARD = gnu99;
				GCC_NO_COMMON_BLOCKS = YES;
				GCC_WARN_64_TO_32_BIT_CONVERSION = YES;
				GCC_WARN_ABOUT_RETURN_TYPE = YES_ERROR;
				GCC_WARN_UNDECLARED_SELECTOR = YES;
				GCC_WARN_UNINITIALIZED_AUTOS = YES_AGGRESSIVE;
				GCC_WARN_UNUSED_FUNCTION = YES;
				GCC_WARN_UNUSED_VARIABLE = YES;
				INFOPLIST_FILE = "Example-watchOS Extension/Info.plist";
				LD_RUNPATH_SEARCH_PATHS = "$(inherited) @executable_path/Frameworks @executable_path/../../Frameworks";
				MTL_ENABLE_DEBUG_INFO = NO;
				PRODUCT_BUNDLE_IDENTIFIER = "net.JustHTTP.Example-iOS.watchkitapp.watchkitextension";
				PRODUCT_NAME = "${TARGET_NAME}";
				SDKROOT = watchos;
				SKIP_INSTALL = YES;
				SWIFT_OPTIMIZATION_LEVEL = "-Owholemodule";
				SWIFT_VERSION = 3.0;
				TARGETED_DEVICE_FAMILY = 4;
				VALIDATE_PRODUCT = YES;
				WATCHOS_DEPLOYMENT_TARGET = 3.0;
			};
			name = Release;
		};
		372C01D91DA9D6CF009C0D56 /* Debug */ = {
			isa = XCBuildConfiguration;
			buildSettings = {
				ALWAYS_EMBED_SWIFT_STANDARD_LIBRARIES = YES;
				ALWAYS_SEARCH_USER_PATHS = NO;
				ASSETCATALOG_COMPILER_APPICON_NAME = AppIcon;
				CLANG_ANALYZER_NONNULL = YES;
				CLANG_CXX_LANGUAGE_STANDARD = "gnu++0x";
				CLANG_CXX_LIBRARY = "libc++";
				CLANG_ENABLE_MODULES = YES;
				CLANG_ENABLE_OBJC_ARC = YES;
				CLANG_WARN_BOOL_CONVERSION = YES;
				CLANG_WARN_CONSTANT_CONVERSION = YES;
				CLANG_WARN_DIRECT_OBJC_ISA_USAGE = YES_ERROR;
				CLANG_WARN_DOCUMENTATION_COMMENTS = YES;
				CLANG_WARN_EMPTY_BODY = YES;
				CLANG_WARN_ENUM_CONVERSION = YES;
				CLANG_WARN_INFINITE_RECURSION = YES;
				CLANG_WARN_INT_CONVERSION = YES;
				CLANG_WARN_OBJC_ROOT_CLASS = YES_ERROR;
				CLANG_WARN_SUSPICIOUS_MOVES = YES;
				CLANG_WARN_UNREACHABLE_CODE = YES;
				CLANG_WARN__DUPLICATE_METHOD_MATCH = YES;
				COPY_PHASE_STRIP = NO;
				DEBUG_INFORMATION_FORMAT = dwarf;
				ENABLE_STRICT_OBJC_MSGSEND = YES;
				ENABLE_TESTABILITY = YES;
				GCC_C_LANGUAGE_STANDARD = gnu99;
				GCC_DYNAMIC_NO_PIC = NO;
				GCC_NO_COMMON_BLOCKS = YES;
				GCC_OPTIMIZATION_LEVEL = 0;
				GCC_PREPROCESSOR_DEFINITIONS = (
					"DEBUG=1",
					"$(inherited)",
				);
				GCC_WARN_64_TO_32_BIT_CONVERSION = YES;
				GCC_WARN_ABOUT_RETURN_TYPE = YES_ERROR;
				GCC_WARN_UNDECLARED_SELECTOR = YES;
				GCC_WARN_UNINITIALIZED_AUTOS = YES_AGGRESSIVE;
				GCC_WARN_UNUSED_FUNCTION = YES;
				GCC_WARN_UNUSED_VARIABLE = YES;
				IBSC_MODULE = Example_watchOS_Extension;
				INFOPLIST_FILE = "Example-watchOS/Info.plist";
				MTL_ENABLE_DEBUG_INFO = YES;
				ONLY_ACTIVE_ARCH = YES;
				PRODUCT_BUNDLE_IDENTIFIER = "net.JustHTTP.Example-iOS.watchkitapp";
				PRODUCT_NAME = "$(TARGET_NAME)";
				SDKROOT = watchos;
				SKIP_INSTALL = YES;
				SWIFT_ACTIVE_COMPILATION_CONDITIONS = DEBUG;
				SWIFT_OPTIMIZATION_LEVEL = "-Onone";
				SWIFT_VERSION = 3.0;
				TARGETED_DEVICE_FAMILY = 4;
				WATCHOS_DEPLOYMENT_TARGET = 3.0;
			};
			name = Debug;
		};
		372C01DA1DA9D6CF009C0D56 /* Release */ = {
			isa = XCBuildConfiguration;
			buildSettings = {
				ALWAYS_EMBED_SWIFT_STANDARD_LIBRARIES = YES;
				ALWAYS_SEARCH_USER_PATHS = NO;
				ASSETCATALOG_COMPILER_APPICON_NAME = AppIcon;
				CLANG_ANALYZER_NONNULL = YES;
				CLANG_CXX_LANGUAGE_STANDARD = "gnu++0x";
				CLANG_CXX_LIBRARY = "libc++";
				CLANG_ENABLE_MODULES = YES;
				CLANG_ENABLE_OBJC_ARC = YES;
				CLANG_WARN_BOOL_CONVERSION = YES;
				CLANG_WARN_CONSTANT_CONVERSION = YES;
				CLANG_WARN_DIRECT_OBJC_ISA_USAGE = YES_ERROR;
				CLANG_WARN_DOCUMENTATION_COMMENTS = YES;
				CLANG_WARN_EMPTY_BODY = YES;
				CLANG_WARN_ENUM_CONVERSION = YES;
				CLANG_WARN_INFINITE_RECURSION = YES;
				CLANG_WARN_INT_CONVERSION = YES;
				CLANG_WARN_OBJC_ROOT_CLASS = YES_ERROR;
				CLANG_WARN_SUSPICIOUS_MOVES = YES;
				CLANG_WARN_UNREACHABLE_CODE = YES;
				CLANG_WARN__DUPLICATE_METHOD_MATCH = YES;
				COPY_PHASE_STRIP = NO;
				DEBUG_INFORMATION_FORMAT = "dwarf-with-dsym";
				ENABLE_NS_ASSERTIONS = NO;
				ENABLE_STRICT_OBJC_MSGSEND = YES;
				GCC_C_LANGUAGE_STANDARD = gnu99;
				GCC_NO_COMMON_BLOCKS = YES;
				GCC_WARN_64_TO_32_BIT_CONVERSION = YES;
				GCC_WARN_ABOUT_RETURN_TYPE = YES_ERROR;
				GCC_WARN_UNDECLARED_SELECTOR = YES;
				GCC_WARN_UNINITIALIZED_AUTOS = YES_AGGRESSIVE;
				GCC_WARN_UNUSED_FUNCTION = YES;
				GCC_WARN_UNUSED_VARIABLE = YES;
				IBSC_MODULE = Example_watchOS_Extension;
				INFOPLIST_FILE = "Example-watchOS/Info.plist";
				MTL_ENABLE_DEBUG_INFO = NO;
				PRODUCT_BUNDLE_IDENTIFIER = "net.JustHTTP.Example-iOS.watchkitapp";
				PRODUCT_NAME = "$(TARGET_NAME)";
				SDKROOT = watchos;
				SKIP_INSTALL = YES;
				SWIFT_OPTIMIZATION_LEVEL = "-Owholemodule";
				SWIFT_VERSION = 3.0;
				TARGETED_DEVICE_FAMILY = 4;
				VALIDATE_PRODUCT = YES;
				WATCHOS_DEPLOYMENT_TARGET = 3.0;
			};
			name = Release;
		};
		372C01F01DA9D87C009C0D56 /* Debug */ = {
			isa = XCBuildConfiguration;
			buildSettings = {
				ALWAYS_SEARCH_USER_PATHS = NO;
				ASSETCATALOG_COMPILER_APPICON_NAME = "App Icon & Top Shelf Image";
				ASSETCATALOG_COMPILER_LAUNCHIMAGE_NAME = LaunchImage;
				CLANG_ANALYZER_NONNULL = YES;
				CLANG_CXX_LANGUAGE_STANDARD = "gnu++0x";
				CLANG_CXX_LIBRARY = "libc++";
				CLANG_ENABLE_MODULES = YES;
				CLANG_ENABLE_OBJC_ARC = YES;
				CLANG_WARN_BOOL_CONVERSION = YES;
				CLANG_WARN_CONSTANT_CONVERSION = YES;
				CLANG_WARN_DIRECT_OBJC_ISA_USAGE = YES_ERROR;
				CLANG_WARN_DOCUMENTATION_COMMENTS = YES;
				CLANG_WARN_EMPTY_BODY = YES;
				CLANG_WARN_ENUM_CONVERSION = YES;
				CLANG_WARN_INFINITE_RECURSION = YES;
				CLANG_WARN_INT_CONVERSION = YES;
				CLANG_WARN_OBJC_ROOT_CLASS = YES_ERROR;
				CLANG_WARN_SUSPICIOUS_MOVES = YES;
				CLANG_WARN_UNREACHABLE_CODE = YES;
				CLANG_WARN__DUPLICATE_METHOD_MATCH = YES;
				COPY_PHASE_STRIP = NO;
				DEBUG_INFORMATION_FORMAT = dwarf;
				ENABLE_STRICT_OBJC_MSGSEND = YES;
				ENABLE_TESTABILITY = YES;
				FRAMEWORK_SEARCH_PATHS = (
					"$(inherited)",
					"$(PROJECT_DIR)/Carthage/Build/tvOS",
					"$(PROJECT_DIR)/Carthage/Build/iOS",
				);
				GCC_C_LANGUAGE_STANDARD = gnu99;
				GCC_DYNAMIC_NO_PIC = NO;
				GCC_NO_COMMON_BLOCKS = YES;
				GCC_OPTIMIZATION_LEVEL = 0;
				GCC_PREPROCESSOR_DEFINITIONS = (
					"DEBUG=1",
					"$(inherited)",
				);
				GCC_WARN_64_TO_32_BIT_CONVERSION = YES;
				GCC_WARN_ABOUT_RETURN_TYPE = YES_ERROR;
				GCC_WARN_UNDECLARED_SELECTOR = YES;
				GCC_WARN_UNINITIALIZED_AUTOS = YES_AGGRESSIVE;
				GCC_WARN_UNUSED_FUNCTION = YES;
				GCC_WARN_UNUSED_VARIABLE = YES;
				INFOPLIST_FILE = "Example-tvOS/Info.plist";
				LD_RUNPATH_SEARCH_PATHS = "$(inherited) @executable_path/Frameworks";
				MTL_ENABLE_DEBUG_INFO = YES;
				ONLY_ACTIVE_ARCH = YES;
				PRODUCT_BUNDLE_IDENTIFIER = "net.JustHTTP.Example-tvOS";
				PRODUCT_NAME = "$(TARGET_NAME)";
				SDKROOT = appletvos;
				SWIFT_ACTIVE_COMPILATION_CONDITIONS = DEBUG;
				SWIFT_OPTIMIZATION_LEVEL = "-Onone";
				SWIFT_VERSION = 3.0;
				TARGETED_DEVICE_FAMILY = 3;
				TVOS_DEPLOYMENT_TARGET = 10.0;
			};
			name = Debug;
		};
		372C01F11DA9D87C009C0D56 /* Release */ = {
			isa = XCBuildConfiguration;
			buildSettings = {
				ALWAYS_SEARCH_USER_PATHS = NO;
				ASSETCATALOG_COMPILER_APPICON_NAME = "App Icon & Top Shelf Image";
				ASSETCATALOG_COMPILER_LAUNCHIMAGE_NAME = LaunchImage;
				CLANG_ANALYZER_NONNULL = YES;
				CLANG_CXX_LANGUAGE_STANDARD = "gnu++0x";
				CLANG_CXX_LIBRARY = "libc++";
				CLANG_ENABLE_MODULES = YES;
				CLANG_ENABLE_OBJC_ARC = YES;
				CLANG_WARN_BOOL_CONVERSION = YES;
				CLANG_WARN_CONSTANT_CONVERSION = YES;
				CLANG_WARN_DIRECT_OBJC_ISA_USAGE = YES_ERROR;
				CLANG_WARN_DOCUMENTATION_COMMENTS = YES;
				CLANG_WARN_EMPTY_BODY = YES;
				CLANG_WARN_ENUM_CONVERSION = YES;
				CLANG_WARN_INFINITE_RECURSION = YES;
				CLANG_WARN_INT_CONVERSION = YES;
				CLANG_WARN_OBJC_ROOT_CLASS = YES_ERROR;
				CLANG_WARN_SUSPICIOUS_MOVES = YES;
				CLANG_WARN_UNREACHABLE_CODE = YES;
				CLANG_WARN__DUPLICATE_METHOD_MATCH = YES;
				COPY_PHASE_STRIP = NO;
				DEBUG_INFORMATION_FORMAT = "dwarf-with-dsym";
				ENABLE_NS_ASSERTIONS = NO;
				ENABLE_STRICT_OBJC_MSGSEND = YES;
				FRAMEWORK_SEARCH_PATHS = (
					"$(inherited)",
					"$(PROJECT_DIR)/Carthage/Build/tvOS",
					"$(PROJECT_DIR)/Carthage/Build/iOS",
				);
				GCC_C_LANGUAGE_STANDARD = gnu99;
				GCC_NO_COMMON_BLOCKS = YES;
				GCC_WARN_64_TO_32_BIT_CONVERSION = YES;
				GCC_WARN_ABOUT_RETURN_TYPE = YES_ERROR;
				GCC_WARN_UNDECLARED_SELECTOR = YES;
				GCC_WARN_UNINITIALIZED_AUTOS = YES_AGGRESSIVE;
				GCC_WARN_UNUSED_FUNCTION = YES;
				GCC_WARN_UNUSED_VARIABLE = YES;
				INFOPLIST_FILE = "Example-tvOS/Info.plist";
				LD_RUNPATH_SEARCH_PATHS = "$(inherited) @executable_path/Frameworks";
				MTL_ENABLE_DEBUG_INFO = NO;
				PRODUCT_BUNDLE_IDENTIFIER = "net.JustHTTP.Example-tvOS";
				PRODUCT_NAME = "$(TARGET_NAME)";
				SDKROOT = appletvos;
				SWIFT_OPTIMIZATION_LEVEL = "-Owholemodule";
				SWIFT_VERSION = 3.0;
				TARGETED_DEVICE_FAMILY = 3;
				TVOS_DEPLOYMENT_TARGET = 10.0;
				VALIDATE_PRODUCT = YES;
			};
			name = Release;
		};
		372C02061DA9D91A009C0D56 /* Debug */ = {
			isa = XCBuildConfiguration;
			buildSettings = {
				ALWAYS_SEARCH_USER_PATHS = NO;
				ASSETCATALOG_COMPILER_APPICON_NAME = AppIcon;
				CLANG_ANALYZER_NONNULL = YES;
				CLANG_CXX_LANGUAGE_STANDARD = "gnu++0x";
				CLANG_CXX_LIBRARY = "libc++";
				CLANG_ENABLE_MODULES = YES;
				CLANG_ENABLE_OBJC_ARC = YES;
				CLANG_WARN_BOOL_CONVERSION = YES;
				CLANG_WARN_CONSTANT_CONVERSION = YES;
				CLANG_WARN_DIRECT_OBJC_ISA_USAGE = YES_ERROR;
				CLANG_WARN_DOCUMENTATION_COMMENTS = YES;
				CLANG_WARN_EMPTY_BODY = YES;
				CLANG_WARN_ENUM_CONVERSION = YES;
				CLANG_WARN_INFINITE_RECURSION = YES;
				CLANG_WARN_INT_CONVERSION = YES;
				CLANG_WARN_OBJC_ROOT_CLASS = YES_ERROR;
				CLANG_WARN_SUSPICIOUS_MOVES = YES;
				CLANG_WARN_UNREACHABLE_CODE = YES;
				CLANG_WARN__DUPLICATE_METHOD_MATCH = YES;
				COMBINE_HIDPI_IMAGES = YES;
				COPY_PHASE_STRIP = NO;
				DEBUG_INFORMATION_FORMAT = dwarf;
				ENABLE_STRICT_OBJC_MSGSEND = YES;
				ENABLE_TESTABILITY = YES;
				FRAMEWORK_SEARCH_PATHS = (
					"$(inherited)",
					"$(PROJECT_DIR)/Carthage/Build/Mac",
				);
				GCC_C_LANGUAGE_STANDARD = gnu99;
				GCC_DYNAMIC_NO_PIC = NO;
				GCC_NO_COMMON_BLOCKS = YES;
				GCC_OPTIMIZATION_LEVEL = 0;
				GCC_PREPROCESSOR_DEFINITIONS = (
					"DEBUG=1",
					"$(inherited)",
				);
				GCC_WARN_64_TO_32_BIT_CONVERSION = YES;
				GCC_WARN_ABOUT_RETURN_TYPE = YES_ERROR;
				GCC_WARN_UNDECLARED_SELECTOR = YES;
				GCC_WARN_UNINITIALIZED_AUTOS = YES_AGGRESSIVE;
				GCC_WARN_UNUSED_FUNCTION = YES;
				GCC_WARN_UNUSED_VARIABLE = YES;
				INFOPLIST_FILE = "Example-macOS/Info.plist";
				LD_RUNPATH_SEARCH_PATHS = "$(inherited) @executable_path/../Frameworks";
				MACOSX_DEPLOYMENT_TARGET = 10.11;
				MTL_ENABLE_DEBUG_INFO = YES;
				ONLY_ACTIVE_ARCH = YES;
				PRODUCT_BUNDLE_IDENTIFIER = "net.JustHTTP.Example-macOS";
				PRODUCT_NAME = "$(TARGET_NAME)";
				SDKROOT = macosx;
				SWIFT_ACTIVE_COMPILATION_CONDITIONS = DEBUG;
				SWIFT_OPTIMIZATION_LEVEL = "-Onone";
				SWIFT_VERSION = 3.0;
			};
			name = Debug;
		};
		372C02071DA9D91A009C0D56 /* Release */ = {
			isa = XCBuildConfiguration;
			buildSettings = {
				ALWAYS_SEARCH_USER_PATHS = NO;
				ASSETCATALOG_COMPILER_APPICON_NAME = AppIcon;
				CLANG_ANALYZER_NONNULL = YES;
				CLANG_CXX_LANGUAGE_STANDARD = "gnu++0x";
				CLANG_CXX_LIBRARY = "libc++";
				CLANG_ENABLE_MODULES = YES;
				CLANG_ENABLE_OBJC_ARC = YES;
				CLANG_WARN_BOOL_CONVERSION = YES;
				CLANG_WARN_CONSTANT_CONVERSION = YES;
				CLANG_WARN_DIRECT_OBJC_ISA_USAGE = YES_ERROR;
				CLANG_WARN_DOCUMENTATION_COMMENTS = YES;
				CLANG_WARN_EMPTY_BODY = YES;
				CLANG_WARN_ENUM_CONVERSION = YES;
				CLANG_WARN_INFINITE_RECURSION = YES;
				CLANG_WARN_INT_CONVERSION = YES;
				CLANG_WARN_OBJC_ROOT_CLASS = YES_ERROR;
				CLANG_WARN_SUSPICIOUS_MOVES = YES;
				CLANG_WARN_UNREACHABLE_CODE = YES;
				CLANG_WARN__DUPLICATE_METHOD_MATCH = YES;
				COMBINE_HIDPI_IMAGES = YES;
				COPY_PHASE_STRIP = NO;
				DEBUG_INFORMATION_FORMAT = "dwarf-with-dsym";
				ENABLE_NS_ASSERTIONS = NO;
				ENABLE_STRICT_OBJC_MSGSEND = YES;
				FRAMEWORK_SEARCH_PATHS = (
					"$(inherited)",
					"$(PROJECT_DIR)/Carthage/Build/Mac",
				);
				GCC_C_LANGUAGE_STANDARD = gnu99;
				GCC_NO_COMMON_BLOCKS = YES;
				GCC_WARN_64_TO_32_BIT_CONVERSION = YES;
				GCC_WARN_ABOUT_RETURN_TYPE = YES_ERROR;
				GCC_WARN_UNDECLARED_SELECTOR = YES;
				GCC_WARN_UNINITIALIZED_AUTOS = YES_AGGRESSIVE;
				GCC_WARN_UNUSED_FUNCTION = YES;
				GCC_WARN_UNUSED_VARIABLE = YES;
				INFOPLIST_FILE = "Example-macOS/Info.plist";
				LD_RUNPATH_SEARCH_PATHS = "$(inherited) @executable_path/../Frameworks";
				MACOSX_DEPLOYMENT_TARGET = 10.11;
				MTL_ENABLE_DEBUG_INFO = NO;
				PRODUCT_BUNDLE_IDENTIFIER = "net.JustHTTP.Example-macOS";
				PRODUCT_NAME = "$(TARGET_NAME)";
				SDKROOT = macosx;
				SWIFT_OPTIMIZATION_LEVEL = "-Owholemodule";
				SWIFT_VERSION = 3.0;
			};
			name = Release;
		};
/* End XCBuildConfiguration section */

/* Begin XCConfigurationList section */
		372C01991DA9D13D009C0D56 /* Build configuration list for PBXProject "Example" */ = {
			isa = XCConfigurationList;
			buildConfigurations = (
				372C019A1DA9D13D009C0D56 /* Debug */,
				372C019B1DA9D13D009C0D56 /* Release */,
			);
			defaultConfigurationIsVisible = 0;
			defaultConfigurationName = Release;
		};
		372C01B21DA9D19B009C0D56 /* Build configuration list for PBXNativeTarget "Example-iOS" */ = {
			isa = XCConfigurationList;
			buildConfigurations = (
				372C01B01DA9D19B009C0D56 /* Debug */,
				372C01B11DA9D19B009C0D56 /* Release */,
			);
			defaultConfigurationIsVisible = 0;
			defaultConfigurationName = Release;
		};
		372C01D41DA9D6CF009C0D56 /* Build configuration list for PBXNativeTarget "Example-watchOS Extension" */ = {
			isa = XCConfigurationList;
			buildConfigurations = (
				372C01D51DA9D6CF009C0D56 /* Debug */,
				372C01D61DA9D6CF009C0D56 /* Release */,
			);
			defaultConfigurationIsVisible = 0;
			defaultConfigurationName = Release;
		};
		372C01D81DA9D6CF009C0D56 /* Build configuration list for PBXNativeTarget "Example-watchOS" */ = {
			isa = XCConfigurationList;
			buildConfigurations = (
				372C01D91DA9D6CF009C0D56 /* Debug */,
				372C01DA1DA9D6CF009C0D56 /* Release */,
			);
			defaultConfigurationIsVisible = 0;
			defaultConfigurationName = Release;
		};
		372C01EF1DA9D87C009C0D56 /* Build configuration list for PBXNativeTarget "Example-tvOS" */ = {
			isa = XCConfigurationList;
			buildConfigurations = (
				372C01F01DA9D87C009C0D56 /* Debug */,
				372C01F11DA9D87C009C0D56 /* Release */,
			);
			defaultConfigurationIsVisible = 0;
			defaultConfigurationName = Release;
		};
		372C02051DA9D91A009C0D56 /* Build configuration list for PBXNativeTarget "Example-macOS" */ = {
			isa = XCConfigurationList;
			buildConfigurations = (
				372C02061DA9D91A009C0D56 /* Debug */,
				372C02071DA9D91A009C0D56 /* Release */,
			);
			defaultConfigurationIsVisible = 0;
			defaultConfigurationName = Release;
		};
/* End XCConfigurationList section */
	};
	rootObject = 372C01961DA9D13D009C0D56 /* Project object */;
}
